
Microsoft Visual Studio Solution File, Format Version 12.00
# Visual Studio Version 16
VisualStudioVersion = 16.0.31129.286
MinimumVisualStudioVersion = 10.0.40219.1
Project("{FAE04EC0-301F-11D3-BF4B-00C04F79EFBC}") = "MultiTierSubscriptionExample", "MultiTierSubscriptionExample\MultiTierSubscriptionExample.csproj", "{EF97D172-FD59-4723-A69B-A9FFBDA9992A}"
EndProject
Global
	GlobalSection(SolutionConfigurationPlatforms) = preSolution
		Debug|Any CPU = Debug|Any CPU
		Release|Any CPU = Release|Any CPU
	EndGlobalSection
	GlobalSection(ProjectConfigurationPlatforms) = postSolution
		{EF97D172-FD59-4723-A69B-A9FFBDA9992A}.Debug|Any CPU.ActiveCfg = Debug|Any CPU
		{EF97D172-FD59-4723-A69B-A9FFBDA9992A}.Debug|Any CPU.Build.0 = Debug|Any CPU
		{EF97D172-FD59-4723-A69B-A9FFBDA9992A}.Release|Any CPU.ActiveCfg = Release|Any CPU
		{EF97D172-FD59-4723-A69B-A9FFBDA9992A}.Release|Any CPU.Build.0 = Release|Any CPU
	EndGlobalSection
	GlobalSection(SolutionProperties) = preSolution
		HideSolutionNode = FALSE
	EndGlobalSection
	GlobalSection(ExtensibilityGlobals) = postSolution
		SolutionGuid = {0DC62635-4A25-402E-9152-C000CFC52E91}
	EndGlobalSection
EndGlobal
